
Microsoft Visual Studio Solution File, Format Version 12.00
# Visual Studio Version 17
VisualStudioVersion = 17.10.35013.160
MinimumVisualStudioVersion = 10.0.40219.1
Project("{FAE04EC0-301F-11D3-BF4B-00C04F79EFBC}") = "Diccionario de herencia", "Diccionario de herencia.csproj", "{253C61E0-9574-460E-B7C4-730CBC18DB71}"
EndProject
Global
	GlobalSection(SolutionConfigurationPlatforms) = preSolution
		Debug|Any CPU = Debug|Any CPU
		Release|Any CPU = Release|Any CPU
	EndGlobalSection
	GlobalSection(ProjectConfigurationPlatforms) = postSolution
		{253C61E0-9574-460E-B7C4-730CBC18DB71}.Debug|Any CPU.ActiveCfg = Debug|Any CPU
		{253C61E0-9574-460E-B7C4-730CBC18DB71}.Debug|Any CPU.Build.0 = Debug|Any CPU
		{253C61E0-9574-460E-B7C4-730CBC18DB71}.Release|Any CPU.ActiveCfg = Release|Any CPU
		{253C61E0-9574-460E-B7C4-730CBC18DB71}.Release|Any CPU.Build.0 = Release|Any CPU
	EndGlobalSection
	GlobalSection(SolutionProperties) = preSolution
		HideSolutionNode = FALSE
	EndGlobalSection
	GlobalSection(ExtensibilityGlobals) = postSolution
		SolutionGuid = {9D7FCE87-04A6-4088-A790-D6AA3BE9CB0C}
	EndGlobalSection
EndGlobal
